// !$*UTF8*$!
{
	archiveVersion = 1;
	classes = {
	};
	objectVersion = 46;
	objects = {

/* Begin PBXBuildFile section */
		9B118F041D4457FF00FB5485 /* AppDelegate.swift in Sources */ = {isa = PBXBuildFile; fileRef = 9B118F031D4457FF00FB5485 /* AppDelegate.swift */; };
		9B118F061D4457FF00FB5485 /* ViewController.swift in Sources */ = {isa = PBXBuildFile; fileRef = 9B118F051D4457FF00FB5485 /* ViewController.swift */; };
		9B118F091D4457FF00FB5485 /* Main.storyboard in Resources */ = {isa = PBXBuildFile; fileRef = 9B118F071D4457FF00FB5485 /* Main.storyboard */; };
		9B118F0B1D4457FF00FB5485 /* Assets.xcassets in Resources */ = {isa = PBXBuildFile; fileRef = 9B118F0A1D4457FF00FB5485 /* Assets.xcassets */; };
		9B118F0E1D4457FF00FB5485 /* LaunchScreen.storyboard in Resources */ = {isa = PBXBuildFile; fileRef = 9B118F0C1D4457FF00FB5485 /* LaunchScreen.storyboard */; };
		9B118F161D4473BE00FB5485 /* CalendarViewController.swift in Sources */ = {isa = PBXBuildFile; fileRef = 9B118F151D4473BE00FB5485 /* CalendarViewController.swift */; };
		9B118F181D44768000FB5485 /* SegueFromLeft.swift in Sources */ = {isa = PBXBuildFile; fileRef = 9B118F171D44768000FB5485 /* SegueFromLeft.swift */; };
		9B21F6411D4532F500B5F20C /* CalendarData.swift in Sources */ = {isa = PBXBuildFile; fileRef = 9B21F6401D4532F500B5F20C /* CalendarData.swift */; };
/* End PBXBuildFile section */

/* Begin PBXFileReference section */
		9B118F001D4457FF00FB5485 /* Yay! Time for a race..app */ = {isa = PBXFileReference; explicitFileType = wrapper.application; includeInIndex = 0; path = "Yay! Time for a race..app"; sourceTree = BUILT_PRODUCTS_DIR; };
		9B118F031D4457FF00FB5485 /* AppDelegate.swift */ = {isa = PBXFileReference; lastKnownFileType = sourcecode.swift; path = AppDelegate.swift; sourceTree = "<group>"; };
		9B118F051D4457FF00FB5485 /* ViewController.swift */ = {isa = PBXFileReference; lastKnownFileType = sourcecode.swift; path = ViewController.swift; sourceTree = "<group>"; };
		9B118F081D4457FF00FB5485 /* Base */ = {isa = PBXFileReference; lastKnownFileType = file.storyboard; name = Base; path = Base.lproj/Main.storyboard; sourceTree = "<group>"; };
		9B118F0A1D4457FF00FB5485 /* Assets.xcassets */ = {isa = PBXFileReference; lastKnownFileType = folder.assetcatalog; path = Assets.xcassets; sourceTree = "<group>"; };
		9B118F0D1D4457FF00FB5485 /* Base */ = {isa = PBXFileReference; lastKnownFileType = file.storyboard; name = Base; path = Base.lproj/LaunchScreen.storyboard; sourceTree = "<group>"; };
		9B118F0F1D4457FF00FB5485 /* Info.plist */ = {isa = PBXFileReference; lastKnownFileType = text.plist.xml; path = Info.plist; sourceTree = "<group>"; };
		9B118F151D4473BE00FB5485 /* CalendarViewController.swift */ = {isa = PBXFileReference; fileEncoding = 4; lastKnownFileType = sourcecode.swift; path = CalendarViewController.swift; sourceTree = "<group>"; };
		9B118F171D44768000FB5485 /* SegueFromLeft.swift */ = {isa = PBXFileReference; fileEncoding = 4; lastKnownFileType = sourcecode.swift; path = SegueFromLeft.swift; sourceTree = "<group>"; };
		9B21F6401D4532F500B5F20C /* CalendarData.swift */ = {isa = PBXFileReference; fileEncoding = 4; lastKnownFileType = sourcecode.swift; path = CalendarData.swift; sourceTree = "<group>"; };
/* End PBXFileReference section */

/* Begin PBXFrameworksBuildPhase section */
		9B118EFD1D4457FF00FB5485 /* Frameworks */ = {
			isa = PBXFrameworksBuildPhase;
			buildActionMask = 2147483647;
			files = (
			);
			runOnlyForDeploymentPostprocessing = 0;
		};
/* End PBXFrameworksBuildPhase section */

/* Begin PBXGroup section */
		9B118EF71D4457FF00FB5485 = {
			isa = PBXGroup;
			children = (
				9B118F021D4457FF00FB5485 /* Yay! Time for a race. */,
				9B118F011D4457FF00FB5485 /* Products */,
			);
			sourceTree = "<group>";
		};
		9B118F011D4457FF00FB5485 /* Products */ = {
			isa = PBXGroup;
			children = (
				9B118F001D4457FF00FB5485 /* Yay! Time for a race..app */,
			);
			name = Products;
			sourceTree = "<group>";
		};
		9B118F021D4457FF00FB5485 /* Yay! Time for a race. */ = {
			isa = PBXGroup;
			children = (
				9B118F031D4457FF00FB5485 /* AppDelegate.swift */,
				9B118F051D4457FF00FB5485 /* ViewController.swift */,
				9B118F071D4457FF00FB5485 /* Main.storyboard */,
				9B118F151D4473BE00FB5485 /* CalendarViewController.swift */,
				9B21F6401D4532F500B5F20C /* CalendarData.swift */,
				9B118F171D44768000FB5485 /* SegueFromLeft.swift */,
				9B118F0A1D4457FF00FB5485 /* Assets.xcassets */,
				9B118F0C1D4457FF00FB5485 /* LaunchScreen.storyboard */,
				9B118F0F1D4457FF00FB5485 /* Info.plist */,
			);
			path = "Yay! Time for a race.";
			sourceTree = "<group>";
		};
/* End PBXGroup section */

/* Begin PBXNativeTarget section */
		9B118EFF1D4457FF00FB5485 /* Yay! Time for a race. */ = {
			isa = PBXNativeTarget;
			buildConfigurationList = 9B118F121D4457FF00FB5485 /* Build configuration list for PBXNativeTarget "Yay! Time for a race." */;
			buildPhases = (
				9B118EFC1D4457FF00FB5485 /* Sources */,
				9B118EFD1D4457FF00FB5485 /* Frameworks */,
				9B118EFE1D4457FF00FB5485 /* Resources */,
			);
			buildRules = (
			);
			dependencies = (
			);
			name = "Yay! Time for a race.";
			productName = "Yay! Time for a race.";
			productReference = 9B118F001D4457FF00FB5485 /* Yay! Time for a race..app */;
			productType = "com.apple.product-type.application";
		};
/* End PBXNativeTarget section */

/* Begin PBXProject section */
		9B118EF81D4457FF00FB5485 /* Project object */ = {
			isa = PBXProject;
			attributes = {
				LastSwiftUpdateCheck = 0730;
				LastUpgradeCheck = 0730;
				ORGANIZATIONNAME = "Madelin Woods";
				TargetAttributes = {
					9B118EFF1D4457FF00FB5485 = {
						CreatedOnToolsVersion = 7.3.1;
					};
				};
			};
			buildConfigurationList = 9B118EFB1D4457FF00FB5485 /* Build configuration list for PBXProject "Yay! Time for a race." */;
			compatibilityVersion = "Xcode 3.2";
			developmentRegion = English;
			hasScannedForEncodings = 0;
			knownRegions = (
				en,
				Base,
			);
			mainGroup = 9B118EF71D4457FF00FB5485;
			productRefGroup = 9B118F011D4457FF00FB5485 /* Products */;
			projectDirPath = "";
			projectRoot = "";
			targets = (
				9B118EFF1D4457FF00FB5485 /* Yay! Time for a race. */,
			);
		};
/* End PBXProject section */

/* Begin PBXResourcesBuildPhase section */
		9B118EFE1D4457FF00FB5485 /* Resources */ = {
			isa = PBXResourcesBuildPhase;
			buildActionMask = 2147483647;
			files = (
				9B118F0E1D4457FF00FB5485 /* LaunchScreen.storyboard in Resources */,
				9B118F0B1D4457FF00FB5485 /* Assets.xcassets in Resources */,
				9B118F091D4457FF00FB5485 /* Main.storyboard in Resources */,
			);
			runOnlyForDeploymentPostprocessing = 0;
		};
/* End PBXResourcesBuildPhase section */

/* Begin PBXSourcesBuildPhase section */
		9B118EFC1D4457FF00FB5485 /* Sources */ = {
			isa = PBXSourcesBuildPhase;
			buildActionMask = 2147483647;
			files = (
				9B118F161D4473BE00FB5485 /* CalendarViewController.swift in Sources */,
				9B118F061D4457FF00FB5485 /* ViewController.swift in Sources */,
				9B21F6411D4532F500B5F20C /* CalendarData.swift in Sources */,
				9B118F181D44768000FB5485 /* SegueFromLeft.swift in Sources */,
				9B118F041D4457FF00FB5485 /* AppDelegate.swift in Sources */,
			);
			runOnlyForDeploymentPostprocessing = 0;
		};
/* End PBXSourcesBuildPhase section */

/* Begin PBXVariantGroup section */
		9B118F071D4457FF00FB5485 /* Main.storyboard */ = {
			isa = PBXVariantGroup;
			children = (
				9B118F081D4457FF00FB5485 /* Base */,
			);
			name = Main.storyboard;
			sourceTree = "<group>";
		};
		9B118F0C1D4457FF00FB5485 /* LaunchScreen.storyboard */ = {
			isa = PBXVariantGroup;
			children = (
				9B118F0D1D4457FF00FB5485 /* Base */,
			);
			name = LaunchScreen.storyboard;
			sourceTree = "<group>";
		};
/* End PBXVariantGroup section */

/* Begin XCBuildConfiguration section */
		9B118F101D4457FF00FB5485 /* Debug */ = {
			isa = XCBuildConfiguration;
			buildSettings = {
				ALWAYS_SEARCH_USER_PATHS = NO;
				CLANG_ANALYZER_NONNULL = YES;
				CLANG_CXX_LANGUAGE_STANDARD = "gnu++0x";
				CLANG_CXX_LIBRARY = "libc++";
				CLANG_ENABLE_MODULES = YES;
				CLANG_ENABLE_OBJC_ARC = YES;
				CLANG_WARN_BOOL_CONVERSION = YES;
				CLANG_WARN_CONSTANT_CONVERSION = YES;
				CLANG_WARN_DIRECT_OBJC_ISA_USAGE = YES_ERROR;
				CLANG_WARN_EMPTY_BODY = YES;
				CLANG_WARN_ENUM_CONVERSION = YES;
				CLANG_WARN_INT_CONVERSION = YES;
				CLANG_WARN_OBJC_ROOT_CLASS = YES_ERROR;
				CLANG_WARN_UNREACHABLE_CODE = YES;
				CLANG_WARN__DUPLICATE_METHOD_MATCH = YES;
				"CODE_SIGN_IDENTITY[sdk=iphoneos*]" = "iPhone Developer";
				COPY_PHASE_STRIP = NO;
				DEBUG_INFORMATION_FORMAT = dwarf;
				ENABLE_STRICT_OBJC_MSGSEND = YES;
				ENABLE_TESTABILITY = YES;
				GCC_C_LANGUAGE_STANDARD = gnu99;
				GCC_DYNAMIC_NO_PIC = NO;
				GCC_NO_COMMON_BLOCKS = YES;
				GCC_OPTIMIZATION_LEVEL = 0;
				GCC_PREPROCESSOR_DEFINITIONS = (
					"DEBUG=1",
					"$(inherited)",
				);
				GCC_WARN_64_TO_32_BIT_CONVERSION = YES;
				GCC_WARN_ABOUT_RETURN_TYPE = YES_ERROR;
				GCC_WARN_UNDECLARED_SELECTOR = YES;
				GCC_WARN_UNINITIALIZED_AUTOS = YES_AGGRESSIVE;
				GCC_WARN_UNUSED_FUNCTION = YES;
				GCC_WARN_UNUSED_VARIABLE = YES;
				IPHONEOS_DEPLOYMENT_TARGET = 9.3;
				MTL_ENABLE_DEBUG_INFO = YES;
				ONLY_ACTIVE_ARCH = YES;
				SDKROOT = iphoneos;
				SWIFT_OPTIMIZATION_LEVEL = "-Onone";
			};
			name = Debug;
		};
		9B118F111D4457FF00FB5485 /* Release */ = {
			isa = XCBuildConfiguration;
			buildSettings = {
				ALWAYS_SEARCH_USER_PATHS = NO;
				CLANG_ANALYZER_NONNULL = YES;
				CLANG_CXX_LANGUAGE_STANDARD = "gnu++0x";
				CLANG_CXX_LIBRARY = "libc++";
				CLANG_ENABLE_MODULES = YES;
				CLANG_ENABLE_OBJC_ARC = YES;
				CLANG_WARN_BOOL_CONVERSION = YES;
				CLANG_WARN_CONSTANT_CONVERSION = YES;
				CLANG_WARN_DIRECT_OBJC_ISA_USAGE = YES_ERROR;
				CLANG_WARN_EMPTY_BODY = YES;
				CLANG_WARN_ENUM_CONVERSION = YES;
				CLANG_WARN_INT_CONVERSION = YES;
				CLANG_WARN_OBJC_ROOT_CLASS = YES_ERROR;
				CLANG_WARN_UNREACHABLE_CODE = YES;
				CLANG_WARN__DUPLICATE_METHOD_MATCH = YES;
				"CODE_SIGN_IDENTITY[sdk=iphoneos*]" = "iPhone Developer";
				COPY_PHASE_STRIP = NO;
				DEBUG_INFORMATION_FORMAT = "dwarf-with-dsym";
				ENABLE_NS_ASSERTIONS = NO;
				ENABLE_STRICT_OBJC_MSGSEND = YES;
				GCC_C_LANGUAGE_STANDARD = gnu99;
				GCC_NO_COMMON_BLOCKS = YES;
				GCC_WARN_64_TO_32_BIT_CONVERSION = YES;
				GCC_WARN_ABOUT_RETURN_TYPE = YES_ERROR;
				GCC_WARN_UNDECLARED_SELECTOR = YES;
				GCC_WARN_UNINITIALIZED_AUTOS = YES_AGGRESSIVE;
				GCC_WARN_UNUSED_FUNCTION = YES;
				GCC_WARN_UNUSED_VARIABLE = YES;
				IPHONEOS_DEPLOYMENT_TARGET = 9.3;
				MTL_ENABLE_DEBUG_INFO = NO;
				SDKROOT = iphoneos;
				VALIDATE_PRODUCT = YES;
			};
			name = Release;
		};
		9B118F131D4457FF00FB5485 /* Debug */ = {
			isa = XCBuildConfiguration;
			buildSettings = {
				ASSETCATALOG_COMPILER_APPICON_NAME = AppIcon;
				INFOPLIST_FILE = "Yay! Time for a race./Info.plist";
				LD_RUNPATH_SEARCH_PATHS = "$(inherited) @executable_path/Frameworks";
				PRODUCT_BUNDLE_IDENTIFIER = "Madelin.Yay--Time-for-a-race-";
				PRODUCT_NAME = "$(TARGET_NAME)";
			};
			name = Debug;
		};
		9B118F141D4457FF00FB5485 /* Release */ = {
			isa = XCBuildConfiguration;
			buildSettings = {
				ASSETCATALOG_COMPILER_APPICON_NAME = AppIcon;
				INFOPLIST_FILE = "Yay! Time for a race./Info.plist";
				LD_RUNPATH_SEARCH_PATHS = "$(inherited) @executable_path/Frameworks";
				PRODUCT_BUNDLE_IDENTIFIER = "Madelin.Yay--Time-for-a-race-";
				PRODUCT_NAME = "$(TARGET_NAME)";
			};
			name = Release;
		};
/* End XCBuildConfiguration section */

/* Begin XCConfigurationList section */
		9B118EFB1D4457FF00FB5485 /* Build configuration list for PBXProject "Yay! Time for a race." */ = {
			isa = XCConfigurationList;
			buildConfigurations = (
				9B118F101D4457FF00FB5485 /* Debug */,
				9B118F111D4457FF00FB5485 /* Release */,
			);
			defaultConfigurationIsVisible = 0;
			defaultConfigurationName = Release;
		};
		9B118F121D4457FF00FB5485 /* Build configuration list for PBXNativeTarget "Yay! Time for a race." */ = {
			isa = XCConfigurationList;
			buildConfigurations = (
				9B118F131D4457FF00FB5485 /* Debug */,
				9B118F141D4457FF00FB5485 /* Release */,
			);
			defaultConfigurationIsVisible = 0;
			defaultConfigurationName = Release;
		};
/* End XCConfigurationList section */
	};
	rootObject = 9B118EF81D4457FF00FB5485 /* Project object */;
}
